
Microsoft Visual Studio Solution File, Format Version 12.00
# Visual Studio Version 16
VisualStudioVersion = 16.0.31105.61
MinimumVisualStudioVersion = 10.0.40219.1
Project("{FAE04EC0-301F-11D3-BF4B-00C04F79EFBC}") = "CCSB", "CCSB.csproj", "{DFF1FA2C-A973-4571-9363-0351FB8FB896}"
EndProject
Global
	GlobalSection(SolutionConfigurationPlatforms) = preSolution
		Debug|Any CPU = Debug|Any CPU
		Release|Any CPU = Release|Any CPU
	EndGlobalSection
	GlobalSection(ProjectConfigurationPlatforms) = postSolution
		{DFF1FA2C-A973-4571-9363-0351FB8FB896}.Debug|Any CPU.ActiveCfg = Debug|Any CPU
		{DFF1FA2C-A973-4571-9363-0351FB8FB896}.Debug|Any CPU.Build.0 = Debug|Any CPU
		{DFF1FA2C-A973-4571-9363-0351FB8FB896}.Release|Any CPU.ActiveCfg = Release|Any CPU
		{DFF1FA2C-A973-4571-9363-0351FB8FB896}.Release|Any CPU.Build.0 = Release|Any CPU
	EndGlobalSection
	GlobalSection(SolutionProperties) = preSolution
		HideSolutionNode = FALSE
	EndGlobalSection
	GlobalSection(ExtensibilityGlobals) = postSolution
		SolutionGuid = {5DEF925A-FD40-4E0E-A80D-BB9AF2307DBB}
	EndGlobalSection
EndGlobal
