
Microsoft Visual Studio Solution File, Format Version 12.00
# Visual Studio Version 16
VisualStudioVersion = 16.0.31702.278
MinimumVisualStudioVersion = 10.0.40219.1
Project("{FAE04EC0-301F-11D3-BF4B-00C04F79EFBC}") = "UGOZ_Marcel_Roesink", "UGOZ_Marcel_Roesink\UGOZ_Marcel_Roesink.csproj", "{3D093205-9A7B-4D64-BFAD-3C256B06D835}"
EndProject
Global
	GlobalSection(SolutionConfigurationPlatforms) = preSolution
		Debug|Any CPU = Debug|Any CPU
		Release|Any CPU = Release|Any CPU
	EndGlobalSection
	GlobalSection(ProjectConfigurationPlatforms) = postSolution
		{3D093205-9A7B-4D64-BFAD-3C256B06D835}.Debug|Any CPU.ActiveCfg = Debug|Any CPU
		{3D093205-9A7B-4D64-BFAD-3C256B06D835}.Debug|Any CPU.Build.0 = Debug|Any CPU
		{3D093205-9A7B-4D64-BFAD-3C256B06D835}.Release|Any CPU.ActiveCfg = Release|Any CPU
		{3D093205-9A7B-4D64-BFAD-3C256B06D835}.Release|Any CPU.Build.0 = Release|Any CPU
	EndGlobalSection
	GlobalSection(SolutionProperties) = preSolution
		HideSolutionNode = FALSE
	EndGlobalSection
	GlobalSection(ExtensibilityGlobals) = postSolution
		SolutionGuid = {47517996-CDD4-4EFB-8592-7E7D132ADECF}
	EndGlobalSection
EndGlobal
